PODS:
  - audioplayers_darwin (0.0.1):
    - Flutter
  - ffmpeg-kit-ios-https (4.5.1.LTS)
  - ffmpeg_kit_flutter (4.5.1.LTS):
    - ffmpeg_kit_flutter/https-lts (= 4.5.1.LTS)
    - Flutter
  - ffmpeg_kit_flutter/https-lts (4.5.1.LTS):
    - ffmpeg-kit-ios-https (= 4.5.1.LTS)
    - Flutter
  - Flutter (1.0.0)
  - flutter_beep (0.0.1):
    - Flutter
  - on_audio_query_ios (0.0.1):
    - Flutter
    - SwiftyBeaver
  - path_provider_foundation (0.0.1):
    - Flutter
    - FlutterMacOS
  - permission_handler_apple (9.1.1):
    - Flutter
  - shared_preferences_foundation (0.0.1):
    - Flutter
    - FlutterMacOS
  - SwiftyBeaver (1.9.5)
  - url_launcher_ios (0.0.1):
    - Flutter
  - volume_regulator (0.0.1):
    - Flutter
  - wakelock (0.0.1):
    - Flutter

DEPENDENCIES:
  - audioplayers_darwin (from `.symlinks/plugins/audioplayers_darwin/ios`)
  - ffmpeg_kit_flutter (from `.symlinks/plugins/ffmpeg_kit_flutter/ios`)
  - Flutter (from `Flutter`)
  - flutter_beep (from `.symlinks/plugins/flutter_beep/ios`)
  - on_audio_query_ios (from `.symlinks/plugins/on_audio_query_ios/ios`)
  - path_provider_foundation (from `.symlinks/plugins/path_provider_foundation/darwin`)
  - permission_handler_apple (from `.symlinks/plugins/permission_handler_apple/ios`)
  - shared_preferences_foundation (from `.symlinks/plugins/shared_preferences_foundation/darwin`)
  - url_launcher_ios (from `.symlinks/plugins/url_launcher_ios/ios`)
  - volume_regulator (from `.symlinks/plugins/volume_regulator/ios`)
  - wakelock (from `.symlinks/plugins/wakelock/ios`)

SPEC REPOS:
  trunk:
    - ffmpeg-kit-ios-https
    - SwiftyBeaver

EXTERNAL SOURCES:
  audioplayers_darwin:
    :path: ".symlinks/plugins/audioplayers_darwin/ios"
  ffmpeg_kit_flutter:
    :path: ".symlinks/plugins/ffmpeg_kit_flutter/ios"
  Flutter:
    :path: Flutter
  flutter_beep:
    :path: ".symlinks/plugins/flutter_beep/ios"
  on_audio_query_ios:
    :path: ".symlinks/plugins/on_audio_query_ios/ios"
  path_provider_foundation:
    :path: ".symlinks/plugins/path_provider_foundation/darwin"
  permission_handler_apple:
    :path: ".symlinks/plugins/permission_handler_apple/ios"
  shared_preferences_foundation:
    :path: ".symlinks/plugins/shared_preferences_foundation/darwin"
  url_launcher_ios:
    :path: ".symlinks/plugins/url_launcher_ios/ios"
  volume_regulator:
    :path: ".symlinks/plugins/volume_regulator/ios"
  wakelock:
    :path: ".symlinks/plugins/wakelock/ios"

SPEC CHECKSUMS:
  audioplayers_darwin: 877d9a4d06331c5c374595e46e16453ac7eafa40
  ffmpeg-kit-ios-https: c95f1d49599efd796a7cfb433f4500a7c953cc9c
  ffmpeg_kit_flutter: 7429364786c032a7825e7882819cca6c65449a81
  Flutter: f04841e97a9d0b0a8025694d0796dd46242b2854
  flutter_beep: 54fb393b22dfa0f0e4573c81b1c74dd71c4e5af8
  on_audio_query_ios: e5afb0d4b42cfa3e8762d8ec1953540cb4f02100
  path_provider_foundation: 29f094ae23ebbca9d3d0cec13889cd9060c0e943
  permission_handler_apple: e76247795d700c14ea09e3a2d8855d41ee80a2e6
  shared_preferences_foundation: 5b919d13b803cadd15ed2dc053125c68730e5126
  SwiftyBeaver: 84069991dd5dca07d7069100985badaca7f0ce82
  url_launcher_ios: 08a3dfac5fb39e8759aeb0abbd5d9480f30fc8b4
  volume_regulator: a60233cd8fe62c67a4603380470980d2e17ebd8f
  wakelock: d0fc7c864128eac40eba1617cb5264d9c940b46f

PODFILE CHECKSUM: ef19549a9bc3046e7bb7d2fab4d021637c0c58a3

COCOAPODS: 1.11.3
